
Microsoft Visual Studio Solution File, Format Version 12.00
# Visual Studio Version 16
VisualStudioVersion = 16.0.29709.97
MinimumVisualStudioVersion = 10.0.40219.1
Project("{9A19103F-16F7-4668-BE54-9A1E7A4F7556}") = "AzureFunctionV3Template", "AzureFunctionV3Template\AzureFunctionV3Template.csproj", "{E8A123E8-391F-4819-81E3-5FE0231B0605}"
EndProject
Project("{FAE04EC0-301F-11D3-BF4B-00C04F79EFBC}") = "AzureFunctionV3Template.Tests", "AzureFunctionV3Template.Tests\AzureFunctionV3Template.Tests.csproj", "{68D7BD90-850F-4B74-92A4-FADF57DA92C2}"
EndProject
Global
	GlobalSection(SolutionConfigurationPlatforms) = preSolution
		Debug|Any CPU = Debug|Any CPU
		Release|Any CPU = Release|Any CPU
	EndGlobalSection
	GlobalSection(ProjectConfigurationPlatforms) = postSolution
		{E8A123E8-391F-4819-81E3-5FE0231B0605}.Debug|Any CPU.ActiveCfg = Debug|Any CPU
		{E8A123E8-391F-4819-81E3-5FE0231B0605}.Debug|Any CPU.Build.0 = Debug|Any CPU
		{E8A123E8-391F-4819-81E3-5FE0231B0605}.Release|Any CPU.ActiveCfg = Release|Any CPU
		{E8A123E8-391F-4819-81E3-5FE0231B0605}.Release|Any CPU.Build.0 = Release|Any CPU
		{68D7BD90-850F-4B74-92A4-FADF57DA92C2}.Debug|Any CPU.ActiveCfg = Debug|Any CPU
		{68D7BD90-850F-4B74-92A4-FADF57DA92C2}.Debug|Any CPU.Build.0 = Debug|Any CPU
		{68D7BD90-850F-4B74-92A4-FADF57DA92C2}.Release|Any CPU.ActiveCfg = Release|Any CPU
		{68D7BD90-850F-4B74-92A4-FADF57DA92C2}.Release|Any CPU.Build.0 = Release|Any CPU
	EndGlobalSection
	GlobalSection(SolutionProperties) = preSolution
		HideSolutionNode = FALSE
	EndGlobalSection
	GlobalSection(ExtensibilityGlobals) = postSolution
		SolutionGuid = {372F69DE-A92D-4B35-BFB8-75AB1086D364}
	EndGlobalSection
EndGlobal
